# THIS IS AN AUTOGENERATED FILE. DO NOT EDIT THIS FILE DIRECTLY.
# yarn lockfile v1


"@types/node@12.6.2":
  version "12.6.2"
  resolved "https://registry.yarnpkg.com/@types/node/-/node-12.6.2.tgz#a5ccec6abb6060d5f20d256fb03ed743e9774999"
  integrity sha512-gojym4tX0FWeV2gsW4Xmzo5wxGjXGm550oVUII7f7G5o4BV6c7DBdiG1RRQd+y1bvqRyYtPfMK85UM95vsapqQ==

"@vtex/prettier-config@^1.0.0":
  version "1.0.0"
  resolved "https://registry.yarnpkg.com/@vtex/prettier-config/-/prettier-config-1.0.0.tgz#a7a7091ecff1da340d398000f4855dc9910aa9c9"
  integrity sha512-4Uv67bK2eORhzWg/11J5/+fxPUWY6b0sYdhcqMzIgo0zluXlYqbZU6iueKZ48SxG4ODw8ZaqMRfpNsLd3Gw5+Q==

typescript@3.9.7:
  version "3.9.7"
  resolved "https://registry.yarnpkg.com/typescript/-/typescript-3.9.7.tgz#98d600a5ebdc38f40cb277522f12dc800e9e25fa"
  integrity sha512-BLbiRkiBzAwsjut4x/dsibSTB6yWpwT5qWmC2OfuCg3GgVQCSgMs4vEctYPhsaGtd0AeuuHMkjZ2h2WG8MSzRw==
